
Microsoft Visual Studio Solution File, Format Version 10.00
# Visual Studio 2008
Project("{8BC9CEB8-8B4A-11D0-8D11-00A0C91BC942}") = "重载，覆盖，隐藏", "重载，覆盖，隐藏\重载，覆盖，隐藏.vcproj", "{B6D1C268-D3E3-477D-9281-7AD213F89104}"
EndProject
Global
	GlobalSection(SolutionConfigurationPlatforms) = preSolution
		Debug|Win32 = Debug|Win32
		Release|Win32 = Release|Win32
	EndGlobalSection
	GlobalSection(ProjectConfigurationPlatforms) = postSolution
		{B6D1C268-D3E3-477D-9281-7AD213F89104}.Debug|Win32.ActiveCfg = Debug|Win32
		{B6D1C268-D3E3-477D-9281-7AD213F89104}.Debug|Win32.Build.0 = Debug|Win32
		{B6D1C268-D3E3-477D-9281-7AD213F89104}.Release|Win32.ActiveCfg = Release|Win32
		{B6D1C268-D3E3-477D-9281-7AD213F89104}.Release|Win32.Build.0 = Release|Win32
	EndGlobalSection
	GlobalSection(SolutionProperties) = preSolution
		HideSolutionNode = FALSE
	EndGlobalSection
EndGlobal
