
Microsoft Visual Studio Solution File, Format Version 10.00
# Visual Studio 2008
Project("{8BC9CEB8-8B4A-11D0-8D11-00A0C91BC942}") = "和太阳肩并肩的计算器", "和太阳肩并肩的计算器.vcproj", "{D87CD2EC-4AA0-4178-AC75-E862CCCC5F12}"
EndProject
Global
	GlobalSection(SolutionConfigurationPlatforms) = preSolution
		Debug|Win32 = Debug|Win32
		Release|Win32 = Release|Win32
	EndGlobalSection
	GlobalSection(ProjectConfigurationPlatforms) = postSolution
		{D87CD2EC-4AA0-4178-AC75-E862CCCC5F12}.Debug|Win32.ActiveCfg = Debug|Win32
		{D87CD2EC-4AA0-4178-AC75-E862CCCC5F12}.Debug|Win32.Build.0 = Debug|Win32
		{D87CD2EC-4AA0-4178-AC75-E862CCCC5F12}.Release|Win32.ActiveCfg = Release|Win32
		{D87CD2EC-4AA0-4178-AC75-E862CCCC5F12}.Release|Win32.Build.0 = Release|Win32
	EndGlobalSection
	GlobalSection(SolutionProperties) = preSolution
		HideSolutionNode = FALSE
	EndGlobalSection
EndGlobal
