
Microsoft Visual Studio Solution File, Format Version 10.00
# Visual Studio 2008
Project("{8BC9CEB8-8B4A-11D0-8D11-00A0C91BC942}") = "指针与数组的区别", "指针与数组的区别\指针与数组的区别.vcproj", "{713A3CE0-4E09-4192-B79A-F2CFA5BA2CA0}"
EndProject
Global
	GlobalSection(SolutionConfigurationPlatforms) = preSolution
		Debug|Win32 = Debug|Win32
		Release|Win32 = Release|Win32
	EndGlobalSection
	GlobalSection(ProjectConfigurationPlatforms) = postSolution
		{713A3CE0-4E09-4192-B79A-F2CFA5BA2CA0}.Debug|Win32.ActiveCfg = Debug|Win32
		{713A3CE0-4E09-4192-B79A-F2CFA5BA2CA0}.Debug|Win32.Build.0 = Debug|Win32
		{713A3CE0-4E09-4192-B79A-F2CFA5BA2CA0}.Release|Win32.ActiveCfg = Release|Win32
		{713A3CE0-4E09-4192-B79A-F2CFA5BA2CA0}.Release|Win32.Build.0 = Release|Win32
	EndGlobalSection
	GlobalSection(SolutionProperties) = preSolution
		HideSolutionNode = FALSE
	EndGlobalSection
EndGlobal
