
Microsoft Visual Studio Solution File, Format Version 10.00
# Visual Studio 2008
Project("{8BC9CEB8-8B4A-11D0-8D11-00A0C91BC942}") = "C++总结2", "C++总结2\C++总结2.vcproj", "{C09A68C4-5166-4AE2-AA1C-5134F1082C75}"
EndProject
Global
	GlobalSection(SolutionConfigurationPlatforms) = preSolution
		Debug|Win32 = Debug|Win32
		Release|Win32 = Release|Win32
	EndGlobalSection
	GlobalSection(ProjectConfigurationPlatforms) = postSolution
		{C09A68C4-5166-4AE2-AA1C-5134F1082C75}.Debug|Win32.ActiveCfg = Debug|Win32
		{C09A68C4-5166-4AE2-AA1C-5134F1082C75}.Debug|Win32.Build.0 = Debug|Win32
		{C09A68C4-5166-4AE2-AA1C-5134F1082C75}.Release|Win32.ActiveCfg = Release|Win32
		{C09A68C4-5166-4AE2-AA1C-5134F1082C75}.Release|Win32.Build.0 = Release|Win32
	EndGlobalSection
	GlobalSection(SolutionProperties) = preSolution
		HideSolutionNode = FALSE
	EndGlobalSection
EndGlobal
