
Microsoft Visual Studio Solution File, Format Version 10.00
# Visual Studio 2008
Project("{8BC9CEB8-8B4A-11D0-8D11-00A0C91BC942}") = "模板Vector", "模板Vector\模板Vector.vcproj", "{2BBD1D22-A3FF-4915-98BF-EDA0F9F79BAD}"
EndProject
Global
	GlobalSection(SolutionConfigurationPlatforms) = preSolution
		Debug|Win32 = Debug|Win32
		Release|Win32 = Release|Win32
	EndGlobalSection
	GlobalSection(ProjectConfigurationPlatforms) = postSolution
		{2BBD1D22-A3FF-4915-98BF-EDA0F9F79BAD}.Debug|Win32.ActiveCfg = Debug|Win32
		{2BBD1D22-A3FF-4915-98BF-EDA0F9F79BAD}.Debug|Win32.Build.0 = Debug|Win32
		{2BBD1D22-A3FF-4915-98BF-EDA0F9F79BAD}.Release|Win32.ActiveCfg = Release|Win32
		{2BBD1D22-A3FF-4915-98BF-EDA0F9F79BAD}.Release|Win32.Build.0 = Release|Win32
	EndGlobalSection
	GlobalSection(SolutionProperties) = preSolution
		HideSolutionNode = FALSE
	EndGlobalSection
EndGlobal
