
Microsoft Visual Studio Solution File, Format Version 10.00
# Visual Studio 2008
Project("{8BC9CEB8-8B4A-11D0-8D11-00A0C91BC942}") = "单链表c++", "单链表c++\单链表c++.vcproj", "{E5CD7D56-BB58-49FE-83DA-771DD5DEB15A}"
EndProject
Global
	GlobalSection(SolutionConfigurationPlatforms) = preSolution
		Debug|Win32 = Debug|Win32
		Release|Win32 = Release|Win32
	EndGlobalSection
	GlobalSection(ProjectConfigurationPlatforms) = postSolution
		{E5CD7D56-BB58-49FE-83DA-771DD5DEB15A}.Debug|Win32.ActiveCfg = Debug|Win32
		{E5CD7D56-BB58-49FE-83DA-771DD5DEB15A}.Debug|Win32.Build.0 = Debug|Win32
		{E5CD7D56-BB58-49FE-83DA-771DD5DEB15A}.Release|Win32.ActiveCfg = Release|Win32
		{E5CD7D56-BB58-49FE-83DA-771DD5DEB15A}.Release|Win32.Build.0 = Release|Win32
	EndGlobalSection
	GlobalSection(SolutionProperties) = preSolution
		HideSolutionNode = FALSE
	EndGlobalSection
EndGlobal
